
Microsoft Visual Studio Solution File, Format Version 12.00
# Visual Studio Version 17
VisualStudioVersion = 17.8.34330.188
MinimumVisualStudioVersion = 10.0.40219.1
Project("{9A19103F-16F7-4668-BE54-9A1E7A4F7556}") = "EMS_SYSTEM", "EMS_SYSTEM\EMS_SYSTEM.csproj", "{766422F7-C82E-4B65-AD11-C5BB1237F87D}"
EndProject
Project("{FAE04EC0-301F-11D3-BF4B-00C04F79EFBC}") = "EMS_SYSTEM.APPLICATION", "EMS_SYSTEM.SERVICES\EMS_SYSTEM.APPLICATION.csproj", "{9E1667E1-8265-460E-9C84-B1B7BF070455}"
EndProject
Project("{FAE04EC0-301F-11D3-BF4B-00C04F79EFBC}") = "EMS_SYSTEM.DOMAIN", "EMS_SYSTEM.ENTITIES\EMS_SYSTEM.DOMAIN.csproj", "{38E33F25-6410-4C38-BE0B-E64512CCCE61}"
EndProject
Global
	GlobalSection(SolutionConfigurationPlatforms) = preSolution
		Debug|Any CPU = Debug|Any CPU
		Release|Any CPU = Release|Any CPU
	EndGlobalSection
	GlobalSection(ProjectConfigurationPlatforms) = postSolution
		{766422F7-C82E-4B65-AD11-C5BB1237F87D}.Debug|Any CPU.ActiveCfg = Debug|Any CPU
		{766422F7-C82E-4B65-AD11-C5BB1237F87D}.Debug|Any CPU.Build.0 = Debug|Any CPU
		{766422F7-C82E-4B65-AD11-C5BB1237F87D}.Release|Any CPU.ActiveCfg = Release|Any CPU
		{766422F7-C82E-4B65-AD11-C5BB1237F87D}.Release|Any CPU.Build.0 = Release|Any CPU
		{9E1667E1-8265-460E-9C84-B1B7BF070455}.Debug|Any CPU.ActiveCfg = Debug|Any CPU
		{9E1667E1-8265-460E-9C84-B1B7BF070455}.Debug|Any CPU.Build.0 = Debug|Any CPU
		{9E1667E1-8265-460E-9C84-B1B7BF070455}.Release|Any CPU.ActiveCfg = Release|Any CPU
		{9E1667E1-8265-460E-9C84-B1B7BF070455}.Release|Any CPU.Build.0 = Release|Any CPU
		{38E33F25-6410-4C38-BE0B-E64512CCCE61}.Debug|Any CPU.ActiveCfg = Debug|Any CPU
		{38E33F25-6410-4C38-BE0B-E64512CCCE61}.Debug|Any CPU.Build.0 = Debug|Any CPU
		{38E33F25-6410-4C38-BE0B-E64512CCCE61}.Release|Any CPU.ActiveCfg = Release|Any CPU
		{38E33F25-6410-4C38-BE0B-E64512CCCE61}.Release|Any CPU.Build.0 = Release|Any CPU
	EndGlobalSection
	GlobalSection(SolutionProperties) = preSolution
		HideSolutionNode = FALSE
	EndGlobalSection
	GlobalSection(ExtensibilityGlobals) = postSolution
		SolutionGuid = {99FFEF83-B7B7-4FAF-A0B6-DA0839CECDA4}
	EndGlobalSection
EndGlobal
